
Microsoft Visual Studio Solution File, Format Version 12.00
# Visual Studio Version 17
VisualStudioVersion = 17.14.37411.7 d17.14
MinimumVisualStudioVersion = 10.0.40219.1
Project("{FAE04EC0-301F-11D3-BF4B-00C04F79EFBC}") = "SimpleCalculator", "SimpleCalculator.csproj", "{EA9668A1-DBB8-4EFA-AFD9-B712B371ACFB}"
EndProject
Global
	GlobalSection(SolutionConfigurationPlatforms) = preSolution
		Debug|Any CPU = Debug|Any CPU
		Release|Any CPU = Release|Any CPU
	EndGlobalSection
	GlobalSection(ProjectConfigurationPlatforms) = postSolution
		{EA9668A1-DBB8-4EFA-AFD9-B712B371ACFB}.Debug|Any CPU.ActiveCfg = Debug|Any CPU
		{EA9668A1-DBB8-4EFA-AFD9-B712B371ACFB}.Debug|Any CPU.Build.0 = Debug|Any CPU
		{EA9668A1-DBB8-4EFA-AFD9-B712B371ACFB}.Release|Any CPU.ActiveCfg = Release|Any CPU
		{EA9668A1-DBB8-4EFA-AFD9-B712B371ACFB}.Release|Any CPU.Build.0 = Release|Any CPU
	EndGlobalSection
	GlobalSection(SolutionProperties) = preSolution
		HideSolutionNode = FALSE
	EndGlobalSection
	GlobalSection(ExtensibilityGlobals) = postSolution
		SolutionGuid = {AFBAE17C-1BFA-45DE-A8A3-9876356C9FA0}
	EndGlobalSection
EndGlobal
